// !$*UTF8*$!
{
	archiveVersion = 1;
	classes = {
	};
	objectVersion = 50;
	objects = {

/* Begin PBXBuildFile section */
		7DBC2EAC7954374AC18FD68B /* Pods_ChromecastStudy.framework in Frameworks */ = {isa = PBXBuildFile; fileRef = B1477264F265C601D86CD28B /* Pods_ChromecastStudy.framework */; };
		F338D14D21D18D62004230F0 /* AppDelegate.swift in Sources */ = {isa = PBXBuildFile; fileRef = F338D14C21D18D62004230F0 /* AppDelegate.swift */; };
		F338D14F21D18D62004230F0 /* ViewController.swift in Sources */ = {isa = PBXBuildFile; fileRef = F338D14E21D18D62004230F0 /* ViewController.swift */; };
		F338D15221D18D62004230F0 /* Main.storyboard in Resources */ = {isa = PBXBuildFile; fileRef = F338D15021D18D62004230F0 /* Main.storyboard */; };
		F338D15421D18D64004230F0 /* Assets.xcassets in Resources */ = {isa = PBXBuildFile; fileRef = F338D15321D18D64004230F0 /* Assets.xcassets */; };
		F338D15721D18D64004230F0 /* LaunchScreen.storyboard in Resources */ = {isa = PBXBuildFile; fileRef = F338D15521D18D64004230F0 /* LaunchScreen.storyboard */; };
		F338D16121D18ED2004230F0 /* Podfile in Resources */ = {isa = PBXBuildFile; fileRef = F338D16021D18ED2004230F0 /* Podfile */; };
		F338D16421D1A207004230F0 /* Logger.swift in Sources */ = {isa = PBXBuildFile; fileRef = F338D16321D1A207004230F0 /* Logger.swift */; };
		F338D16B21D27BE5004230F0 /* UIViewControllerExtensions.swift in Sources */ = {isa = PBXBuildFile; fileRef = F338D16A21D27BE5004230F0 /* UIViewControllerExtensions.swift */; };
		F338D16D21D2E13E004230F0 /* BigBuckBunny.jpg in Resources */ = {isa = PBXBuildFile; fileRef = F338D16C21D2E13E004230F0 /* BigBuckBunny.jpg */; };
/* End PBXBuildFile section */

/* Begin PBXFileReference section */
		52771E150B47E41E68607694 /* Pods-ChromecastStudy.debug.xcconfig */ = {isa = PBXFileReference; includeInIndex = 1; lastKnownFileType = text.xcconfig; name = "Pods-ChromecastStudy.debug.xcconfig"; path = "Pods/Target Support Files/Pods-ChromecastStudy/Pods-ChromecastStudy.debug.xcconfig"; sourceTree = "<group>"; };
		5EFD6AE96753DFF03FFB1D3C /* Pods-ChromecastStudy.release.xcconfig */ = {isa = PBXFileReference; includeInIndex = 1; lastKnownFileType = text.xcconfig; name = "Pods-ChromecastStudy.release.xcconfig"; path = "Pods/Target Support Files/Pods-ChromecastStudy/Pods-ChromecastStudy.release.xcconfig"; sourceTree = "<group>"; };
		B1477264F265C601D86CD28B /* Pods_ChromecastStudy.framework */ = {isa = PBXFileReference; explicitFileType = wrapper.framework; includeInIndex = 0; path = Pods_ChromecastStudy.framework; sourceTree = BUILT_PRODUCTS_DIR; };
		F338D14921D18D62004230F0 /* ChromecastStudy.app */ = {isa = PBXFileReference; explicitFileType = wrapper.application; includeInIndex = 0; path = ChromecastStudy.app; sourceTree = BUILT_PRODUCTS_DIR; };
		F338D14C21D18D62004230F0 /* AppDelegate.swift */ = {isa = PBXFileReference; lastKnownFileType = sourcecode.swift; path = AppDelegate.swift; sourceTree = "<group>"; };
		F338D14E21D18D62004230F0 /* ViewController.swift */ = {isa = PBXFileReference; lastKnownFileType = sourcecode.swift; path = ViewController.swift; sourceTree = "<group>"; };
		F338D15121D18D62004230F0 /* Base */ = {isa = PBXFileReference; lastKnownFileType = file.storyboard; name = Base; path = Base.lproj/Main.storyboard; sourceTree = "<group>"; };
		F338D15321D18D64004230F0 /* Assets.xcassets */ = {isa = PBXFileReference; lastKnownFileType = folder.assetcatalog; path = Assets.xcassets; sourceTree = "<group>"; };
		F338D15621D18D64004230F0 /* Base */ = {isa = PBXFileReference; lastKnownFileType = file.storyboard; name = Base; path = Base.lproj/LaunchScreen.storyboard; sourceTree = "<group>"; };
		F338D15821D18D64004230F0 /* Info.plist */ = {isa = PBXFileReference; lastKnownFileType = text.plist.xml; path = Info.plist; sourceTree = "<group>"; };
		F338D16021D18ED2004230F0 /* Podfile */ = {isa = PBXFileReference; explicitFileType = text.script.ruby; fileEncoding = 4; path = Podfile; sourceTree = SOURCE_ROOT; };
		F338D16221D190C9004230F0 /* ChromecastStudy.entitlements */ = {isa = PBXFileReference; lastKnownFileType = text.plist.entitlements; path = ChromecastStudy.entitlements; sourceTree = "<group>"; };
		F338D16321D1A207004230F0 /* Logger.swift */ = {isa = PBXFileReference; lastKnownFileType = sourcecode.swift; path = Logger.swift; sourceTree = "<group>"; };
		F338D16A21D27BE5004230F0 /* UIViewControllerExtensions.swift */ = {isa = PBXFileReference; lastKnownFileType = sourcecode.swift; path = UIViewControllerExtensions.swift; sourceTree = "<group>"; };
		F338D16C21D2E13E004230F0 /* BigBuckBunny.jpg */ = {isa = PBXFileReference; lastKnownFileType = image.jpeg; path = BigBuckBunny.jpg; sourceTree = "<group>"; };
/* End PBXFileReference section */

/* Begin PBXFrameworksBuildPhase section */
		F338D14621D18D62004230F0 /* Frameworks */ = {
			isa = PBXFrameworksBuildPhase;
			buildActionMask = 2147483647;
			files = (
				7DBC2EAC7954374AC18FD68B /* Pods_ChromecastStudy.framework in Frameworks */,
			);
			runOnlyForDeploymentPostprocessing = 0;
		};
/* End PBXFrameworksBuildPhase section */

/* Begin PBXGroup section */
		64C9FBEF170D042C492B4EFE /* Pods */ = {
			isa = PBXGroup;
			children = (
				52771E150B47E41E68607694 /* Pods-ChromecastStudy.debug.xcconfig */,
				5EFD6AE96753DFF03FFB1D3C /* Pods-ChromecastStudy.release.xcconfig */,
			);
			name = Pods;
			sourceTree = "<group>";
		};
		F02D1D61A8EBD8462934BA87 /* Frameworks */ = {
			isa = PBXGroup;
			children = (
				B1477264F265C601D86CD28B /* Pods_ChromecastStudy.framework */,
			);
			name = Frameworks;
			sourceTree = "<group>";
		};
		F338D14021D18D62004230F0 = {
			isa = PBXGroup;
			children = (
				F338D14B21D18D62004230F0 /* ChromecastStudy */,
				F338D14A21D18D62004230F0 /* Products */,
				64C9FBEF170D042C492B4EFE /* Pods */,
				F02D1D61A8EBD8462934BA87 /* Frameworks */,
			);
			sourceTree = "<group>";
		};
		F338D14A21D18D62004230F0 /* Products */ = {
			isa = PBXGroup;
			children = (
				F338D14921D18D62004230F0 /* ChromecastStudy.app */,
			);
			name = Products;
			sourceTree = "<group>";
		};
		F338D14B21D18D62004230F0 /* ChromecastStudy */ = {
			isa = PBXGroup;
			children = (
				F338D16C21D2E13E004230F0 /* BigBuckBunny.jpg */,
				F338D16221D190C9004230F0 /* ChromecastStudy.entitlements */,
				F338D16021D18ED2004230F0 /* Podfile */,
				F338D14C21D18D62004230F0 /* AppDelegate.swift */,
				F338D14E21D18D62004230F0 /* ViewController.swift */,
				F338D15021D18D62004230F0 /* Main.storyboard */,
				F338D15321D18D64004230F0 /* Assets.xcassets */,
				F338D15521D18D64004230F0 /* LaunchScreen.storyboard */,
				F338D15821D18D64004230F0 /* Info.plist */,
				F338D16321D1A207004230F0 /* Logger.swift */,
				F338D16A21D27BE5004230F0 /* UIViewControllerExtensions.swift */,
			);
			path = ChromecastStudy;
			sourceTree = "<group>";
		};
/* End PBXGroup section */

/* Begin PBXNativeTarget section */
		F338D14821D18D62004230F0 /* ChromecastStudy */ = {
			isa = PBXNativeTarget;
			buildConfigurationList = F338D15B21D18D64004230F0 /* Build configuration list for PBXNativeTarget "ChromecastStudy" */;
			buildPhases = (
				97D5CC06C32EC3DAEE0A25F0 /* [CP] Check Pods Manifest.lock */,
				F338D14521D18D62004230F0 /* Sources */,
				F338D14621D18D62004230F0 /* Frameworks */,
				F338D14721D18D62004230F0 /* Resources */,
				C575A8F4518BFFAC4E380BC1 /* [CP] Embed Pods Frameworks */,
				B265004B12C78F70BD5058B9 /* [CP] Copy Pods Resources */,
			);
			buildRules = (
			);
			dependencies = (
			);
			name = ChromecastStudy;
			productName = ChromecastStudy;
			productReference = F338D14921D18D62004230F0 /* ChromecastStudy.app */;
			productType = "com.apple.product-type.application";
		};
/* End PBXNativeTarget section */

/* Begin PBXProject section */
		F338D14121D18D62004230F0 /* Project object */ = {
			isa = PBXProject;
			attributes = {
				LastSwiftUpdateCheck = 1000;
				LastUpgradeCheck = 1000;
				ORGANIZATIONNAME = "Alan Jeferson";
				TargetAttributes = {
					F338D14821D18D62004230F0 = {
						CreatedOnToolsVersion = 10.0;
						SystemCapabilities = {
							com.apple.AccessWiFi = {
								enabled = 1;
							};
						};
					};
				};
			};
			buildConfigurationList = F338D14421D18D62004230F0 /* Build configuration list for PBXProject "ChromecastStudy" */;
			compatibilityVersion = "Xcode 9.3";
			developmentRegion = en;
			hasScannedForEncodings = 0;
			knownRegions = (
				en,
				Base,
			);
			mainGroup = F338D14021D18D62004230F0;
			productRefGroup = F338D14A21D18D62004230F0 /* Products */;
			projectDirPath = "";
			projectRoot = "";
			targets = (
				F338D14821D18D62004230F0 /* ChromecastStudy */,
			);
		};
/* End PBXProject section */

/* Begin PBXResourcesBuildPhase section */
		F338D14721D18D62004230F0 /* Resources */ = {
			isa = PBXResourcesBuildPhase;
			buildActionMask = 2147483647;
			files = (
				F338D16D21D2E13E004230F0 /* BigBuckBunny.jpg in Resources */,
				F338D15721D18D64004230F0 /* LaunchScreen.storyboard in Resources */,
				F338D15421D18D64004230F0 /* Assets.xcassets in Resources */,
				F338D16121D18ED2004230F0 /* Podfile in Resources */,
				F338D15221D18D62004230F0 /* Main.storyboard in Resources */,
			);
			runOnlyForDeploymentPostprocessing = 0;
		};
/* End PBXResourcesBuildPhase section */

/* Begin PBXShellScriptBuildPhase section */
		97D5CC06C32EC3DAEE0A25F0 /* [CP] Check Pods Manifest.lock */ = {
			isa = PBXShellScriptBuildPhase;
			buildActionMask = 2147483647;
			files = (
			);
			inputPaths = (
				"${PODS_PODFILE_DIR_PATH}/Podfile.lock",
				"${PODS_ROOT}/Manifest.lock",
			);
			name = "[CP] Check Pods Manifest.lock";
			outputPaths = (
				"$(DERIVED_FILE_DIR)/Pods-ChromecastStudy-checkManifestLockResult.txt",
			);
			runOnlyForDeploymentPostprocessing = 0;
			shellPath = /bin/sh;
			shellScript = "diff \"${PODS_PODFILE_DIR_PATH}/Podfile.lock\" \"${PODS_ROOT}/Manifest.lock\" > /dev/null\nif [ $? != 0 ] ; then\n    # print error to STDERR\n    echo \"error: The sandbox is not in sync with the Podfile.lock. Run 'pod install' or update your CocoaPods installation.\" >&2\n    exit 1\nfi\n# This output is used by Xcode 'outputs' to avoid re-running this script phase.\necho \"SUCCESS\" > \"${SCRIPT_OUTPUT_FILE_0}\"\n";
			showEnvVarsInLog = 0;
		};
		B265004B12C78F70BD5058B9 /* [CP] Copy Pods Resources */ = {
			isa = PBXShellScriptBuildPhase;
			buildActionMask = 2147483647;
			files = (
			);
			inputPaths = (
				"${SRCROOT}/Pods/Target Support Files/Pods-ChromecastStudy/Pods-ChromecastStudy-resources.sh",
				"${PODS_ROOT}/google-cast-sdk/GoogleCastSDK-ios-4.3.4_static/GoogleCast.framework/GoogleCastCoreResources.bundle",
				"${PODS_ROOT}/google-cast-sdk/GoogleCastSDK-ios-4.3.4_static/GoogleCast.framework/GoogleCastUIResources.bundle",
			);
			name = "[CP] Copy Pods Resources";
			outputPaths = (
				"${TARGET_BUILD_DIR}/${UNLOCALIZED_RESOURCES_FOLDER_PATH}/GoogleCastCoreResources.bundle",
				"${TARGET_BUILD_DIR}/${UNLOCALIZED_RESOURCES_FOLDER_PATH}/GoogleCastUIResources.bundle",
			);
			runOnlyForDeploymentPostprocessing = 0;
			shellPath = /bin/sh;
			shellScript = "\"${SRCROOT}/Pods/Target Support Files/Pods-ChromecastStudy/Pods-ChromecastStudy-resources.sh\"\n";
			showEnvVarsInLog = 0;
		};
		C575A8F4518BFFAC4E380BC1 /* [CP] Embed Pods Frameworks */ = {
			isa = PBXShellScriptBuildPhase;
			buildActionMask = 2147483647;
			files = (
			);
			inputPaths = (
				"${SRCROOT}/Pods/Target Support Files/Pods-ChromecastStudy/Pods-ChromecastStudy-frameworks.sh",
				"${BUILT_PRODUCTS_DIR}/Protobuf/Protobuf.framework",
			);
			name = "[CP] Embed Pods Frameworks";
			outputPaths = (
				"${TARGET_BUILD_DIR}/${FRAMEWORKS_FOLDER_PATH}/Protobuf.framework",
			);
			runOnlyForDeploymentPostprocessing = 0;
			shellPath = /bin/sh;
			shellScript = "\"${SRCROOT}/Pods/Target Support Files/Pods-ChromecastStudy/Pods-ChromecastStudy-frameworks.sh\"\n";
			showEnvVarsInLog = 0;
		};
/* End PBXShellScriptBuildPhase section */

/* Begin PBXSourcesBuildPhase section */
		F338D14521D18D62004230F0 /* Sources */ = {
			isa = PBXSourcesBuildPhase;
			buildActionMask = 2147483647;
			files = (
				F338D14F21D18D62004230F0 /* ViewController.swift in Sources */,
				F338D16421D1A207004230F0 /* Logger.swift in Sources */,
				F338D16B21D27BE5004230F0 /* UIViewControllerExtensions.swift in Sources */,
				F338D14D21D18D62004230F0 /* AppDelegate.swift in Sources */,
			);
			runOnlyForDeploymentPostprocessing = 0;
		};
/* End PBXSourcesBuildPhase section */

/* Begin PBXVariantGroup section */
		F338D15021D18D62004230F0 /* Main.storyboard */ = {
			isa = PBXVariantGroup;
			children = (
				F338D15121D18D62004230F0 /* Base */,
			);
			name = Main.storyboard;
			sourceTree = "<group>";
		};
		F338D15521D18D64004230F0 /* LaunchScreen.storyboard */ = {
			isa = PBXVariantGroup;
			children = (
				F338D15621D18D64004230F0 /* Base */,
			);
			name = LaunchScreen.storyboard;
			sourceTree = "<group>";
		};
/* End PBXVariantGroup section */

/* Begin XCBuildConfiguration section */
		F338D15921D18D64004230F0 /* Debug */ = {
			isa = XCBuildConfiguration;
			buildSettings = {
				ALWAYS_SEARCH_USER_PATHS = NO;
				CLANG_ANALYZER_NONNULL = YES;
				CLANG_ANALYZER_NUMBER_OBJECT_CONVERSION = YES_AGGRESSIVE;
				CLANG_CXX_LANGUAGE_STANDARD = "gnu++14";
				CLANG_CXX_LIBRARY = "libc++";
				CLANG_ENABLE_MODULES = YES;
				CLANG_ENABLE_OBJC_ARC = YES;
				CLANG_ENABLE_OBJC_WEAK = YES;
				CLANG_WARN_BLOCK_CAPTURE_AUTORELEASING = YES;
				CLANG_WARN_BOOL_CONVERSION = YES;
				CLANG_WARN_COMMA = YES;
				CLANG_WARN_CONSTANT_CONVERSION = YES;
				CLANG_WARN_DEPRECATED_OBJC_IMPLEMENTATIONS = YES;
				CLANG_WARN_DIRECT_OBJC_ISA_USAGE = YES_ERROR;
				CLANG_WARN_DOCUMENTATION_COMMENTS = YES;
				CLANG_WARN_EMPTY_BODY = YES;
				CLANG_WARN_ENUM_CONVERSION = YES;
				CLANG_WARN_INFINITE_RECURSION = YES;
				CLANG_WARN_INT_CONVERSION = YES;
				CLANG_WARN_NON_LITERAL_NULL_CONVERSION = YES;
				CLANG_WARN_OBJC_IMPLICIT_RETAIN_SELF = YES;
				CLANG_WARN_OBJC_LITERAL_CONVERSION = YES;
				CLANG_WARN_OBJC_ROOT_CLASS = YES_ERROR;
				CLANG_WARN_RANGE_LOOP_ANALYSIS = YES;
				CLANG_WARN_STRICT_PROTOTYPES = YES;
				CLANG_WARN_SUSPICIOUS_MOVE = YES;
				CLANG_WARN_UNGUARDED_AVAILABILITY = YES_AGGRESSIVE;
				CLANG_WARN_UNREACHABLE_CODE = YES;
				CLANG_WARN__DUPLICATE_METHOD_MATCH = YES;
				CODE_SIGN_IDENTITY = "iPhone Developer";
				COPY_PHASE_STRIP = NO;
				DEBUG_INFORMATION_FORMAT = dwarf;
				ENABLE_STRICT_OBJC_MSGSEND = YES;
				ENABLE_TESTABILITY = YES;
				GCC_C_LANGUAGE_STANDARD = gnu11;
				GCC_DYNAMIC_NO_PIC = NO;
				GCC_NO_COMMON_BLOCKS = YES;
				GCC_OPTIMIZATION_LEVEL = 0;
				GCC_PREPROCESSOR_DEFINITIONS = (
					"DEBUG=1",
					"$(inherited)",
				);
				GCC_WARN_64_TO_32_BIT_CONVERSION = YES;
				GCC_WARN_ABOUT_RETURN_TYPE = YES_ERROR;
				GCC_WARN_UNDECLARED_SELECTOR = YES;
				GCC_WARN_UNINITIALIZED_AUTOS = YES_AGGRESSIVE;
				GCC_WARN_UNUSED_FUNCTION = YES;
				GCC_WARN_UNUSED_VARIABLE = YES;
				IPHONEOS_DEPLOYMENT_TARGET = 12.0;
				MTL_ENABLE_DEBUG_INFO = INCLUDE_SOURCE;
				MTL_FAST_MATH = YES;
				ONLY_ACTIVE_ARCH = YES;
				SDKROOT = iphoneos;
				SWIFT_ACTIVE_COMPILATION_CONDITIONS = DEBUG;
				SWIFT_OPTIMIZATION_LEVEL = "-Onone";
			};
			name = Debug;
		};
		F338D15A21D18D64004230F0 /* Release */ = {
			isa = XCBuildConfiguration;
			buildSettings = {
				ALWAYS_SEARCH_USER_PATHS = NO;
				CLANG_ANALYZER_NONNULL = YES;
				CLANG_ANALYZER_NUMBER_OBJECT_CONVERSION = YES_AGGRESSIVE;
				CLANG_CXX_LANGUAGE_STANDARD = "gnu++14";
				CLANG_CXX_LIBRARY = "libc++";
				CLANG_ENABLE_MODULES = YES;
				CLANG_ENABLE_OBJC_ARC = YES;
				CLANG_ENABLE_OBJC_WEAK = YES;
				CLANG_WARN_BLOCK_CAPTURE_AUTORELEASING = YES;
				CLANG_WARN_BOOL_CONVERSION = YES;
				CLANG_WARN_COMMA = YES;
				CLANG_WARN_CONSTANT_CONVERSION = YES;
				CLANG_WARN_DEPRECATED_OBJC_IMPLEMENTATIONS = YES;
				CLANG_WARN_DIRECT_OBJC_ISA_USAGE = YES_ERROR;
				CLANG_WARN_DOCUMENTATION_COMMENTS = YES;
				CLANG_WARN_EMPTY_BODY = YES;
				CLANG_WARN_ENUM_CONVERSION = YES;
				CLANG_WARN_INFINITE_RECURSION = YES;
				CLANG_WARN_INT_CONVERSION = YES;
				CLANG_WARN_NON_LITERAL_NULL_CONVERSION = YES;
				CLANG_WARN_OBJC_IMPLICIT_RETAIN_SELF = YES;
				CLANG_WARN_OBJC_LITERAL_CONVERSION = YES;
				CLANG_WARN_OBJC_ROOT_CLASS = YES_ERROR;
				CLANG_WARN_RANGE_LOOP_ANALYSIS = YES;
				CLANG_WARN_STRICT_PROTOTYPES = YES;
				CLANG_WARN_SUSPICIOUS_MOVE = YES;
				CLANG_WARN_UNGUARDED_AVAILABILITY = YES_AGGRESSIVE;
				CLANG_WARN_UNREACHABLE_CODE = YES;
				CLANG_WARN__DUPLICATE_METHOD_MATCH = YES;
				CODE_SIGN_IDENTITY = "iPhone Developer";
				COPY_PHASE_STRIP = NO;
				DEBUG_INFORMATION_FORMAT = "dwarf-with-dsym";
				ENABLE_NS_ASSERTIONS = NO;
				ENABLE_STRICT_OBJC_MSGSEND = YES;
				GCC_C_LANGUAGE_STANDARD = gnu11;
				GCC_NO_COMMON_BLOCKS = YES;
				GCC_WARN_64_TO_32_BIT_CONVERSION = YES;
				GCC_WARN_ABOUT_RETURN_TYPE = YES_ERROR;
				GCC_WARN_UNDECLARED_SELECTOR = YES;
				GCC_WARN_UNINITIALIZED_AUTOS = YES_AGGRESSIVE;
				GCC_WARN_UNUSED_FUNCTION = YES;
				GCC_WARN_UNUSED_VARIABLE = YES;
				IPHONEOS_DEPLOYMENT_TARGET = 12.0;
				MTL_ENABLE_DEBUG_INFO = NO;
				MTL_FAST_MATH = YES;
				SDKROOT = iphoneos;
				SWIFT_COMPILATION_MODE = wholemodule;
				SWIFT_OPTIMIZATION_LEVEL = "-O";
				VALIDATE_PRODUCT = YES;
			};
			name = Release;
		};
		F338D15C21D18D64004230F0 /* Debug */ = {
			isa = XCBuildConfiguration;
			baseConfigurationReference = 52771E150B47E41E68607694 /* Pods-ChromecastStudy.debug.xcconfig */;
			buildSettings = {
				ASSETCATALOG_COMPILER_APPICON_NAME = AppIcon;
				CODE_SIGN_ENTITLEMENTS = ChromecastStudy/ChromecastStudy.entitlements;
				CODE_SIGN_STYLE = Automatic;
				DEVELOPMENT_TEAM = EEJ5MB9Q92;
				INFOPLIST_FILE = ChromecastStudy/Info.plist;
				LD_RUNPATH_SEARCH_PATHS = (
					"$(inherited)",
					"@executable_path/Frameworks",
				);
				PRODUCT_BUNDLE_IDENTIFIER = br.com.ajeferson.ChromecastStudying;
				PRODUCT_NAME = "$(TARGET_NAME)";
				SWIFT_VERSION = 4.2;
				TARGETED_DEVICE_FAMILY = "1,2";
			};
			name = Debug;
		};
		F338D15D21D18D64004230F0 /* Release */ = {
			isa = XCBuildConfiguration;
			baseConfigurationReference = 5EFD6AE96753DFF03FFB1D3C /* Pods-ChromecastStudy.release.xcconfig */;
			buildSettings = {
				ASSETCATALOG_COMPILER_APPICON_NAME = AppIcon;
				CODE_SIGN_ENTITLEMENTS = ChromecastStudy/ChromecastStudy.entitlements;
				CODE_SIGN_STYLE = Automatic;
				DEVELOPMENT_TEAM = EEJ5MB9Q92;
				INFOPLIST_FILE = ChromecastStudy/Info.plist;
				LD_RUNPATH_SEARCH_PATHS = (
					"$(inherited)",
					"@executable_path/Frameworks",
				);
				PRODUCT_BUNDLE_IDENTIFIER = br.com.ajeferson.ChromecastStudying;
				PRODUCT_NAME = "$(TARGET_NAME)";
				SWIFT_VERSION = 4.2;
				TARGETED_DEVICE_FAMILY = "1,2";
			};
			name = Release;
		};
/* End XCBuildConfiguration section */

/* Begin XCConfigurationList section */
		F338D14421D18D62004230F0 /* Build configuration list for PBXProject "ChromecastStudy" */ = {
			isa = XCConfigurationList;
			buildConfigurations = (
				F338D15921D18D64004230F0 /* Debug */,
				F338D15A21D18D64004230F0 /* Release */,
			);
			defaultConfigurationIsVisible = 0;
			defaultConfigurationName = Release;
		};
		F338D15B21D18D64004230F0 /* Build configuration list for PBXNativeTarget "ChromecastStudy" */ = {
			isa = XCConfigurationList;
			buildConfigurations = (
				F338D15C21D18D64004230F0 /* Debug */,
				F338D15D21D18D64004230F0 /* Release */,
			);
			defaultConfigurationIsVisible = 0;
			defaultConfigurationName = Release;
		};
/* End XCConfigurationList section */
	};
	rootObject = F338D14121D18D62004230F0 /* Project object */;
}
